// !$*UTF8*$!
{
	archiveVersion = 1;
	classes = {
	};
	objectVersion = 51;
	objects = {

/* Begin PBXBuildFile section */
		5DB1B7C2A3A104E3CCFFFD83 /* Pods_shop.framework in Frameworks */ = {isa = PBXBuildFile; fileRef = 04514430066BA9BD1F015E7B /* Pods_shop.framework */; };
		7701581F24818A2500F12C25 /* FormOrderService.swift in Sources */ = {isa = PBXBuildFile; fileRef = 7701581E24818A2500F12C25 /* FormOrderService.swift */; };
		7707BF412483A82E0049FD64 /* AdminViewController.swift in Sources */ = {isa = PBXBuildFile; fileRef = 7707BF402483A82E0049FD64 /* AdminViewController.swift */; };
		7707BF432483A8D70049FD64 /* AdminService.swift in Sources */ = {isa = PBXBuildFile; fileRef = 7707BF422483A8D70049FD64 /* AdminService.swift */; };
		7707BF452483C5160049FD64 /* FetchUsersOrdersService.swift in Sources */ = {isa = PBXBuildFile; fileRef = 7707BF442483C5160049FD64 /* FetchUsersOrdersService.swift */; };
		7707BF472483C59E0049FD64 /* UserOrder.swift in Sources */ = {isa = PBXBuildFile; fileRef = 7707BF462483C59E0049FD64 /* UserOrder.swift */; };
		7707BF4B2483CEFD0049FD64 /* AdminDetailOrderController.swift in Sources */ = {isa = PBXBuildFile; fileRef = 7707BF4A2483CEFD0049FD64 /* AdminDetailOrderController.swift */; };
		770F51162475596D003A8776 /* Main.storyboard in Resources */ = {isa = PBXBuildFile; fileRef = 770F51142475596D003A8776 /* Main.storyboard */; };
		772FBA7824597D3400BC5485 /* AppDelegate.swift in Sources */ = {isa = PBXBuildFile; fileRef = 772FBA7724597D3400BC5485 /* AppDelegate.swift */; };
		772FBA7A24597D3400BC5485 /* SceneDelegate.swift in Sources */ = {isa = PBXBuildFile; fileRef = 772FBA7924597D3400BC5485 /* SceneDelegate.swift */; };
		772FBA8124597D3700BC5485 /* Assets.xcassets in Resources */ = {isa = PBXBuildFile; fileRef = 772FBA8024597D3700BC5485 /* Assets.xcassets */; };
		772FBA8424597D3700BC5485 /* LaunchScreen.storyboard in Resources */ = {isa = PBXBuildFile; fileRef = 772FBA8224597D3700BC5485 /* LaunchScreen.storyboard */; };
		774781BC2459E2C100AC3C54 /* FavouriteCollectionViewController.swift in Sources */ = {isa = PBXBuildFile; fileRef = 774781BB2459E2C100AC3C54 /* FavouriteCollectionViewController.swift */; };
		774A29B0245DE958004A6FD1 /* CatalogViewController.swift in Sources */ = {isa = PBXBuildFile; fileRef = 774A29AF245DE958004A6FD1 /* CatalogViewController.swift */; };
		774A29B2245DEFC8004A6FD1 /* ModelProduct.swift in Sources */ = {isa = PBXBuildFile; fileRef = 774A29B1245DEFC8004A6FD1 /* ModelProduct.swift */; };
		774A29B5245F0C16004A6FD1 /* GoogleService-Info.plist in Resources */ = {isa = PBXBuildFile; fileRef = 774A29B4245F0C16004A6FD1 /* GoogleService-Info.plist */; };
		77520DE2248A5C7D001404FD /* Dlog.swift in Sources */ = {isa = PBXBuildFile; fileRef = 77520DE1248A5C7D001404FD /* Dlog.swift */; };
		775F75DE2482FD29005B5E0A /* FilterService.swift in Sources */ = {isa = PBXBuildFile; fileRef = 775F75DD2482FD29005B5E0A /* FilterService.swift */; };
		775F75E024830980005B5E0A /* FetchCatalogService.swift in Sources */ = {isa = PBXBuildFile; fileRef = 775F75DF24830980005B5E0A /* FetchCatalogService.swift */; };
		7762C309247FB753004A71CA /* ProductAdapter.swift in Sources */ = {isa = PBXBuildFile; fileRef = 7762C308247FB753004A71CA /* ProductAdapter.swift */; };
		7767A7F92459E562007BED87 /* CatalogViewCell.swift in Sources */ = {isa = PBXBuildFile; fileRef = 7767A7F82459E562007BED87 /* CatalogViewCell.swift */; };
		77882E792481A1B8002E5514 /* PromocodeService.swift in Sources */ = {isa = PBXBuildFile; fileRef = 77882E782481A1B8002E5514 /* PromocodeService.swift */; };
		77A2BCE0247F08D900BD81F4 /* EditProfileTableController.swift in Sources */ = {isa = PBXBuildFile; fileRef = 77A2BCDF247F08D900BD81F4 /* EditProfileTableController.swift */; };
		77A2BCE2247F0FF100BD81F4 /* ProductOrderCell.swift in Sources */ = {isa = PBXBuildFile; fileRef = 77A2BCE1247F0FF100BD81F4 /* ProductOrderCell.swift */; };
		77A2BCE4247F187A00BD81F4 /* OrderProduct.swift in Sources */ = {isa = PBXBuildFile; fileRef = 77A2BCE3247F187A00BD81F4 /* OrderProduct.swift */; };
		77C72140247C4AE80086742D /* NetworkStorageManager.swift in Sources */ = {isa = PBXBuildFile; fileRef = 77C7213F247C4AE80086742D /* NetworkStorageManager.swift */; };
		77C72142247C4B050086742D /* LocalStorageManagerOrder.swift in Sources */ = {isa = PBXBuildFile; fileRef = 77C72141247C4B050086742D /* LocalStorageManagerOrder.swift */; };
		77C72144247C4B1F0086742D /* LocalStorageManagerFavourites.swift in Sources */ = {isa = PBXBuildFile; fileRef = 77C72143247C4B1F0086742D /* LocalStorageManagerFavourites.swift */; };
		77C7214A247C61210086742D /* FavouriteProduct.swift in Sources */ = {isa = PBXBuildFile; fileRef = 77C72149247C61210086742D /* FavouriteProduct.swift */; };
		77C7214C247C64C20086742D /* FavouriteViewCell.swift in Sources */ = {isa = PBXBuildFile; fileRef = 77C7214B247C64C20086742D /* FavouriteViewCell.swift */; };
		77D01640245D979A00CE087B /* DetailSubjectViewController.swift in Sources */ = {isa = PBXBuildFile; fileRef = 77D0163F245D979A00CE087B /* DetailSubjectViewController.swift */; };
		77D51DC424804468003B44A5 /* Profile.swift in Sources */ = {isa = PBXBuildFile; fileRef = 77D51DC324804468003B44A5 /* Profile.swift */; };
		77DBEA91245F132800959EB9 /* LoginViewController.swift in Sources */ = {isa = PBXBuildFile; fileRef = 77DBEA90245F132800959EB9 /* LoginViewController.swift */; };
		77DBEA95245F3A6400959EB9 /* OrdersViewController.swift in Sources */ = {isa = PBXBuildFile; fileRef = 77DBEA94245F3A6400959EB9 /* OrdersViewController.swift */; };
/* End PBXBuildFile section */

/* Begin PBXFileReference section */
		04514430066BA9BD1F015E7B /* Pods_shop.framework */ = {isa = PBXFileReference; explicitFileType = wrapper.framework; includeInIndex = 0; path = Pods_shop.framework; sourceTree = BUILT_PRODUCTS_DIR; };
		574CDBFCCEFFF895B4642E87 /* Pods-shop.debug.xcconfig */ = {isa = PBXFileReference; includeInIndex = 1; lastKnownFileType = text.xcconfig; name = "Pods-shop.debug.xcconfig"; path = "Target Support Files/Pods-shop/Pods-shop.debug.xcconfig"; sourceTree = "<group>"; };
		7701581E24818A2500F12C25 /* FormOrderService.swift */ = {isa = PBXFileReference; lastKnownFileType = sourcecode.swift; path = FormOrderService.swift; sourceTree = "<group>"; };
		7707BF402483A82E0049FD64 /* AdminViewController.swift */ = {isa = PBXFileReference; lastKnownFileType = sourcecode.swift; path = AdminViewController.swift; sourceTree = "<group>"; };
		7707BF422483A8D70049FD64 /* AdminService.swift */ = {isa = PBXFileReference; lastKnownFileType = sourcecode.swift; path = AdminService.swift; sourceTree = "<group>"; };
		7707BF442483C5160049FD64 /* FetchUsersOrdersService.swift */ = {isa = PBXFileReference; lastKnownFileType = sourcecode.swift; path = FetchUsersOrdersService.swift; sourceTree = "<group>"; };
		7707BF462483C59E0049FD64 /* UserOrder.swift */ = {isa = PBXFileReference; lastKnownFileType = sourcecode.swift; path = UserOrder.swift; sourceTree = "<group>"; };
		7707BF4A2483CEFD0049FD64 /* AdminDetailOrderController.swift */ = {isa = PBXFileReference; lastKnownFileType = sourcecode.swift; path = AdminDetailOrderController.swift; sourceTree = "<group>"; };
		770F51152475596D003A8776 /* Base */ = {isa = PBXFileReference; lastKnownFileType = file.storyboard; name = Base; path = Base.lproj/Main.storyboard; sourceTree = "<group>"; };
		772FBA7424597D3400BC5485 /* shop.app */ = {isa = PBXFileReference; explicitFileType = wrapper.application; includeInIndex = 0; path = shop.app; sourceTree = BUILT_PRODUCTS_DIR; };
		772FBA7724597D3400BC5485 /* AppDelegate.swift */ = {isa = PBXFileReference; lastKnownFileType = sourcecode.swift; path = AppDelegate.swift; sourceTree = "<group>"; };
		772FBA7924597D3400BC5485 /* SceneDelegate.swift */ = {isa = PBXFileReference; lastKnownFileType = sourcecode.swift; path = SceneDelegate.swift; sourceTree = "<group>"; };
		772FBA8024597D3700BC5485 /* Assets.xcassets */ = {isa = PBXFileReference; lastKnownFileType = folder.assetcatalog; path = Assets.xcassets; sourceTree = "<group>"; };
		772FBA8324597D3700BC5485 /* Base */ = {isa = PBXFileReference; lastKnownFileType = file.storyboard; name = Base; path = Base.lproj/LaunchScreen.storyboard; sourceTree = "<group>"; };
		772FBA8524597D3700BC5485 /* Info.plist */ = {isa = PBXFileReference; lastKnownFileType = text.plist.xml; path = Info.plist; sourceTree = "<group>"; };
		774781BB2459E2C100AC3C54 /* FavouriteCollectionViewController.swift */ = {isa = PBXFileReference; lastKnownFileType = sourcecode.swift; path = FavouriteCollectionViewController.swift; sourceTree = "<group>"; };
		774A29AF245DE958004A6FD1 /* CatalogViewController.swift */ = {isa = PBXFileReference; lastKnownFileType = sourcecode.swift; path = CatalogViewController.swift; sourceTree = "<group>"; };
		774A29B1245DEFC8004A6FD1 /* ModelProduct.swift */ = {isa = PBXFileReference; lastKnownFileType = sourcecode.swift; path = ModelProduct.swift; sourceTree = "<group>"; };
		774A29B4245F0C16004A6FD1 /* GoogleService-Info.plist */ = {isa = PBXFileReference; fileEncoding = 4; lastKnownFileType = text.plist.xml; path = "GoogleService-Info.plist"; sourceTree = "<group>"; };
		77520DE1248A5C7D001404FD /* Dlog.swift */ = {isa = PBXFileReference; lastKnownFileType = sourcecode.swift; path = Dlog.swift; sourceTree = "<group>"; };
		775F75DD2482FD29005B5E0A /* FilterService.swift */ = {isa = PBXFileReference; lastKnownFileType = sourcecode.swift; path = FilterService.swift; sourceTree = "<group>"; };
		775F75DF24830980005B5E0A /* FetchCatalogService.swift */ = {isa = PBXFileReference; lastKnownFileType = sourcecode.swift; path = FetchCatalogService.swift; sourceTree = "<group>"; };
		7762C308247FB753004A71CA /* ProductAdapter.swift */ = {isa = PBXFileReference; lastKnownFileType = sourcecode.swift; path = ProductAdapter.swift; sourceTree = "<group>"; };
		7767A7F82459E562007BED87 /* CatalogViewCell.swift */ = {isa = PBXFileReference; lastKnownFileType = sourcecode.swift; path = CatalogViewCell.swift; sourceTree = "<group>"; };
		77882E782481A1B8002E5514 /* PromocodeService.swift */ = {isa = PBXFileReference; lastKnownFileType = sourcecode.swift; path = PromocodeService.swift; sourceTree = "<group>"; };
		77A2BCDF247F08D900BD81F4 /* EditProfileTableController.swift */ = {isa = PBXFileReference; lastKnownFileType = sourcecode.swift; path = EditProfileTableController.swift; sourceTree = "<group>"; };
		77A2BCE1247F0FF100BD81F4 /* ProductOrderCell.swift */ = {isa = PBXFileReference; lastKnownFileType = sourcecode.swift; path = ProductOrderCell.swift; sourceTree = "<group>"; };
		77A2BCE3247F187A00BD81F4 /* OrderProduct.swift */ = {isa = PBXFileReference; lastKnownFileType = sourcecode.swift; path = OrderProduct.swift; sourceTree = "<group>"; };
		77C7213F247C4AE80086742D /* NetworkStorageManager.swift */ = {isa = PBXFileReference; lastKnownFileType = sourcecode.swift; path = NetworkStorageManager.swift; sourceTree = "<group>"; };
		77C72141247C4B050086742D /* LocalStorageManagerOrder.swift */ = {isa = PBXFileReference; fileEncoding = 4; lastKnownFileType = sourcecode.swift; path = LocalStorageManagerOrder.swift; sourceTree = "<group>"; };
		77C72143247C4B1F0086742D /* LocalStorageManagerFavourites.swift */ = {isa = PBXFileReference; lastKnownFileType = sourcecode.swift; path = LocalStorageManagerFavourites.swift; sourceTree = "<group>"; };
		77C72149247C61210086742D /* FavouriteProduct.swift */ = {isa = PBXFileReference; lastKnownFileType = sourcecode.swift; path = FavouriteProduct.swift; sourceTree = "<group>"; };
		77C7214B247C64C20086742D /* FavouriteViewCell.swift */ = {isa = PBXFileReference; lastKnownFileType = sourcecode.swift; path = FavouriteViewCell.swift; sourceTree = "<group>"; };
		77D0163F245D979A00CE087B /* DetailSubjectViewController.swift */ = {isa = PBXFileReference; lastKnownFileType = sourcecode.swift; path = DetailSubjectViewController.swift; sourceTree = "<group>"; };
		77D51DC324804468003B44A5 /* Profile.swift */ = {isa = PBXFileReference; lastKnownFileType = sourcecode.swift; path = Profile.swift; sourceTree = "<group>"; };
		77DBEA90245F132800959EB9 /* LoginViewController.swift */ = {isa = PBXFileReference; lastKnownFileType = sourcecode.swift; path = LoginViewController.swift; sourceTree = "<group>"; };
		77DBEA94245F3A6400959EB9 /* OrdersViewController.swift */ = {isa = PBXFileReference; lastKnownFileType = sourcecode.swift; path = OrdersViewController.swift; sourceTree = "<group>"; };
		8E8239CB0E7A26AC3E77F1CB /* Pods-shop.release.xcconfig */ = {isa = PBXFileReference; includeInIndex = 1; lastKnownFileType = text.xcconfig; name = "Pods-shop.release.xcconfig"; path = "Target Support Files/Pods-shop/Pods-shop.release.xcconfig"; sourceTree = "<group>"; };
/* End PBXFileReference section */

/* Begin PBXFrameworksBuildPhase section */
		772FBA7124597D3400BC5485 /* Frameworks */ = {
			isa = PBXFrameworksBuildPhase;
			buildActionMask = 2147483647;
			files = (
				5DB1B7C2A3A104E3CCFFFD83 /* Pods_shop.framework in Frameworks */,
			);
			runOnlyForDeploymentPostprocessing = 0;
		};
/* End PBXFrameworksBuildPhase section */

/* Begin PBXGroup section */
		772FBA6B24597D3300BC5485 = {
			isa = PBXGroup;
			children = (
				772FBA7624597D3400BC5485 /* shop */,
				772FBA7524597D3400BC5485 /* Products */,
				851905C6CF8656650EF0CD20 /* Pods */,
				AC96B09D87BB0D041FD28423 /* Frameworks */,
			);
			sourceTree = "<group>";
		};
		772FBA7524597D3400BC5485 /* Products */ = {
			isa = PBXGroup;
			children = (
				772FBA7424597D3400BC5485 /* shop.app */,
			);
			name = Products;
			sourceTree = "<group>";
		};
		772FBA7624597D3400BC5485 /* shop */ = {
			isa = PBXGroup;
			children = (
				77DBEA93245F133600959EB9 /* AppNScene */,
				77DBEA92245F132E00959EB9 /* Login */,
				774A29B3245DF1A5004A6FD1 /* Models */,
				7767A7F52459E537007BED87 /* Catalog */,
				7767A7F62459E542007BED87 /* Favourite */,
				7767A7F72459E548007BED87 /* Orders */,
				77C72145247C4B240086742D /* StorageManager */,
				775F75DC2482FC09005B5E0A /* Services */,
				77520DE3248A5C86001404FD /* Log */,
				772FBA8024597D3700BC5485 /* Assets.xcassets */,
				770F51142475596D003A8776 /* Main.storyboard */,
				772FBA8224597D3700BC5485 /* LaunchScreen.storyboard */,
				772FBA8524597D3700BC5485 /* Info.plist */,
				774A29B4245F0C16004A6FD1 /* GoogleService-Info.plist */,
			);
			path = shop;
			sourceTree = "<group>";
		};
		774A29B3245DF1A5004A6FD1 /* Models */ = {
			isa = PBXGroup;
			children = (
				774A29B1245DEFC8004A6FD1 /* ModelProduct.swift */,
				77C72149247C61210086742D /* FavouriteProduct.swift */,
				77A2BCE3247F187A00BD81F4 /* OrderProduct.swift */,
				7707BF462483C59E0049FD64 /* UserOrder.swift */,
				7762C308247FB753004A71CA /* ProductAdapter.swift */,
				77D51DC324804468003B44A5 /* Profile.swift */,
			);
			path = Models;
			sourceTree = "<group>";
		};
		77520DE3248A5C86001404FD /* Log */ = {
			isa = PBXGroup;
			children = (
				77520DE1248A5C7D001404FD /* Dlog.swift */,
			);
			path = Log;
			sourceTree = "<group>";
		};
		775F75DC2482FC09005B5E0A /* Services */ = {
			isa = PBXGroup;
			children = (
				775F75DF24830980005B5E0A /* FetchCatalogService.swift */,
				7707BF442483C5160049FD64 /* FetchUsersOrdersService.swift */,
				775F75DD2482FD29005B5E0A /* FilterService.swift */,
				77882E782481A1B8002E5514 /* PromocodeService.swift */,
				7701581E24818A2500F12C25 /* FormOrderService.swift */,
				7707BF422483A8D70049FD64 /* AdminService.swift */,
			);
			path = Services;
			sourceTree = "<group>";
		};
		7767A7F52459E537007BED87 /* Catalog */ = {
			isa = PBXGroup;
			children = (
				774A29AF245DE958004A6FD1 /* CatalogViewController.swift */,
				7767A7F82459E562007BED87 /* CatalogViewCell.swift */,
				77D0163F245D979A00CE087B /* DetailSubjectViewController.swift */,
			);
			path = Catalog;
			sourceTree = "<group>";
		};
		7767A7F62459E542007BED87 /* Favourite */ = {
			isa = PBXGroup;
			children = (
				774781BB2459E2C100AC3C54 /* FavouriteCollectionViewController.swift */,
				77C7214B247C64C20086742D /* FavouriteViewCell.swift */,
			);
			path = Favourite;
			sourceTree = "<group>";
		};
		7767A7F72459E548007BED87 /* Orders */ = {
			isa = PBXGroup;
			children = (
				77DBEA94245F3A6400959EB9 /* OrdersViewController.swift */,
				77A2BCDF247F08D900BD81F4 /* EditProfileTableController.swift */,
				77A2BCE1247F0FF100BD81F4 /* ProductOrderCell.swift */,
				7707BF402483A82E0049FD64 /* AdminViewController.swift */,
				7707BF4A2483CEFD0049FD64 /* AdminDetailOrderController.swift */,
			);
			path = Orders;
			sourceTree = "<group>";
		};
		77C72145247C4B240086742D /* StorageManager */ = {
			isa = PBXGroup;
			children = (
				77C7213F247C4AE80086742D /* NetworkStorageManager.swift */,
				77C72141247C4B050086742D /* LocalStorageManagerOrder.swift */,
				77C72143247C4B1F0086742D /* LocalStorageManagerFavourites.swift */,
			);
			path = StorageManager;
			sourceTree = "<group>";
		};
		77DBEA92245F132E00959EB9 /* Login */ = {
			isa = PBXGroup;
			children = (
				77DBEA90245F132800959EB9 /* LoginViewController.swift */,
			);
			path = Login;
			sourceTree = "<group>";
		};
		77DBEA93245F133600959EB9 /* AppNScene */ = {
			isa = PBXGroup;
			children = (
				772FBA7724597D3400BC5485 /* AppDelegate.swift */,
				772FBA7924597D3400BC5485 /* SceneDelegate.swift */,
			);
			path = AppNScene;
			sourceTree = "<group>";
		};
		851905C6CF8656650EF0CD20 /* Pods */ = {
			isa = PBXGroup;
			children = (
				574CDBFCCEFFF895B4642E87 /* Pods-shop.debug.xcconfig */,
				8E8239CB0E7A26AC3E77F1CB /* Pods-shop.release.xcconfig */,
			);
			path = Pods;
			sourceTree = "<group>";
		};
		AC96B09D87BB0D041FD28423 /* Frameworks */ = {
			isa = PBXGroup;
			children = (
				04514430066BA9BD1F015E7B /* Pods_shop.framework */,
			);
			name = Frameworks;
			sourceTree = "<group>";
		};
/* End PBXGroup section */

/* Begin PBXNativeTarget section */
		772FBA7324597D3400BC5485 /* shop */ = {
			isa = PBXNativeTarget;
			buildConfigurationList = 772FBA8824597D3700BC5485 /* Build configuration list for PBXNativeTarget "shop" */;
			buildPhases = (
				9BC0A5BE3DAACE1827B68E37 /* [CP] Check Pods Manifest.lock */,
				772FBA7024597D3400BC5485 /* Sources */,
				772FBA7124597D3400BC5485 /* Frameworks */,
				772FBA7224597D3400BC5485 /* Resources */,
				C351540CA133C2567986C687 /* [CP] Embed Pods Frameworks */,
			);
			buildRules = (
			);
			dependencies = (
			);
			name = shop;
			productName = shop;
			productReference = 772FBA7424597D3400BC5485 /* shop.app */;
			productType = "com.apple.product-type.application";
		};
/* End PBXNativeTarget section */

/* Begin PBXProject section */
		772FBA6C24597D3300BC5485 /* Project object */ = {
			isa = PBXProject;
			attributes = {
				LastSwiftUpdateCheck = 1140;
				LastUpgradeCheck = 1140;
				ORGANIZATIONNAME = "Антон Тимонин";
				TargetAttributes = {
					772FBA7324597D3400BC5485 = {
						CreatedOnToolsVersion = 11.4;
					};
				};
			};
			buildConfigurationList = 772FBA6F24597D3300BC5485 /* Build configuration list for PBXProject "shop" */;
			compatibilityVersion = "Xcode 9.3";
			developmentRegion = en;
			hasScannedForEncodings = 0;
			knownRegions = (
				en,
				Base,
			);
			mainGroup = 772FBA6B24597D3300BC5485;
			productRefGroup = 772FBA7524597D3400BC5485 /* Products */;
			projectDirPath = "";
			projectRoot = "";
			targets = (
				772FBA7324597D3400BC5485 /* shop */,
			);
		};
/* End PBXProject section */

/* Begin PBXResourcesBuildPhase section */
		772FBA7224597D3400BC5485 /* Resources */ = {
			isa = PBXResourcesBuildPhase;
			buildActionMask = 2147483647;
			files = (
				772FBA8424597D3700BC5485 /* LaunchScreen.storyboard in Resources */,
				774A29B5245F0C16004A6FD1 /* GoogleService-Info.plist in Resources */,
				772FBA8124597D3700BC5485 /* Assets.xcassets in Resources */,
				770F51162475596D003A8776 /* Main.storyboard in Resources */,
			);
			runOnlyForDeploymentPostprocessing = 0;
		};
/* End PBXResourcesBuildPhase section */

/* Begin PBXShellScriptBuildPhase section */
		9BC0A5BE3DAACE1827B68E37 /* [CP] Check Pods Manifest.lock */ = {
			isa = PBXShellScriptBuildPhase;
			buildActionMask = 2147483647;
			files = (
			);
			inputFileListPaths = (
			);
			inputPaths = (
				"${PODS_PODFILE_DIR_PATH}/Podfile.lock",
				"${PODS_ROOT}/Manifest.lock",
			);
			name = "[CP] Check Pods Manifest.lock";
			outputFileListPaths = (
			);
			outputPaths = (
				"$(DERIVED_FILE_DIR)/Pods-shop-checkManifestLockResult.txt",
			);
			runOnlyForDeploymentPostprocessing = 0;
			shellPath = /bin/sh;
			shellScript = "diff \"${PODS_PODFILE_DIR_PATH}/Podfile.lock\" \"${PODS_ROOT}/Manifest.lock\" > /dev/null\nif [ $? != 0 ] ; then\n    # print error to STDERR\n    echo \"error: The sandbox is not in sync with the Podfile.lock. Run 'pod install' or update your CocoaPods installation.\" >&2\n    exit 1\nfi\n# This output is used by Xcode 'outputs' to avoid re-running this script phase.\necho \"SUCCESS\" > \"${SCRIPT_OUTPUT_FILE_0}\"\n";
			showEnvVarsInLog = 0;
		};
		C351540CA133C2567986C687 /* [CP] Embed Pods Frameworks */ = {
			isa = PBXShellScriptBuildPhase;
			buildActionMask = 2147483647;
			files = (
			);
			inputFileListPaths = (
				"${PODS_ROOT}/Target Support Files/Pods-shop/Pods-shop-frameworks-${CONFIGURATION}-input-files.xcfilelist",
			);
			name = "[CP] Embed Pods Frameworks";
			outputFileListPaths = (
				"${PODS_ROOT}/Target Support Files/Pods-shop/Pods-shop-frameworks-${CONFIGURATION}-output-files.xcfilelist",
			);
			runOnlyForDeploymentPostprocessing = 0;
			shellPath = /bin/sh;
			shellScript = "\"${PODS_ROOT}/Target Support Files/Pods-shop/Pods-shop-frameworks.sh\"\n";
			showEnvVarsInLog = 0;
		};
/* End PBXShellScriptBuildPhase section */

/* Begin PBXSourcesBuildPhase section */
		772FBA7024597D3400BC5485 /* Sources */ = {
			isa = PBXSourcesBuildPhase;
			buildActionMask = 2147483647;
			files = (
				77C72140247C4AE80086742D /* NetworkStorageManager.swift in Sources */,
				7762C309247FB753004A71CA /* ProductAdapter.swift in Sources */,
				7701581F24818A2500F12C25 /* FormOrderService.swift in Sources */,
				77DBEA91245F132800959EB9 /* LoginViewController.swift in Sources */,
				7707BF472483C59E0049FD64 /* UserOrder.swift in Sources */,
				774A29B0245DE958004A6FD1 /* CatalogViewController.swift in Sources */,
				775F75E024830980005B5E0A /* FetchCatalogService.swift in Sources */,
				7707BF432483A8D70049FD64 /* AdminService.swift in Sources */,
				774A29B2245DEFC8004A6FD1 /* ModelProduct.swift in Sources */,
				77D01640245D979A00CE087B /* DetailSubjectViewController.swift in Sources */,
				77520DE2248A5C7D001404FD /* Dlog.swift in Sources */,
				7767A7F92459E562007BED87 /* CatalogViewCell.swift in Sources */,
				77C72144247C4B1F0086742D /* LocalStorageManagerFavourites.swift in Sources */,
				77C7214A247C61210086742D /* FavouriteProduct.swift in Sources */,
				77C7214C247C64C20086742D /* FavouriteViewCell.swift in Sources */,
				7707BF412483A82E0049FD64 /* AdminViewController.swift in Sources */,
				77882E792481A1B8002E5514 /* PromocodeService.swift in Sources */,
				77DBEA95245F3A6400959EB9 /* OrdersViewController.swift in Sources */,
				7707BF452483C5160049FD64 /* FetchUsersOrdersService.swift in Sources */,
				774781BC2459E2C100AC3C54 /* FavouriteCollectionViewController.swift in Sources */,
				77C72142247C4B050086742D /* LocalStorageManagerOrder.swift in Sources */,
				77A2BCE0247F08D900BD81F4 /* EditProfileTableController.swift in Sources */,
				77A2BCE4247F187A00BD81F4 /* OrderProduct.swift in Sources */,
				772FBA7824597D3400BC5485 /* AppDelegate.swift in Sources */,
				77D51DC424804468003B44A5 /* Profile.swift in Sources */,
				77A2BCE2247F0FF100BD81F4 /* ProductOrderCell.swift in Sources */,
				775F75DE2482FD29005B5E0A /* FilterService.swift in Sources */,
				7707BF4B2483CEFD0049FD64 /* AdminDetailOrderController.swift in Sources */,
				772FBA7A24597D3400BC5485 /* SceneDelegate.swift in Sources */,
			);
			runOnlyForDeploymentPostprocessing = 0;
		};
/* End PBXSourcesBuildPhase section */

/* Begin PBXVariantGroup section */
		770F51142475596D003A8776 /* Main.storyboard */ = {
			isa = PBXVariantGroup;
			children = (
				770F51152475596D003A8776 /* Base */,
			);
			name = Main.storyboard;
			sourceTree = "<group>";
		};
		772FBA8224597D3700BC5485 /* LaunchScreen.storyboard */ = {
			isa = PBXVariantGroup;
			children = (
				772FBA8324597D3700BC5485 /* Base */,
			);
			name = LaunchScreen.storyboard;
			sourceTree = "<group>";
		};
/* End PBXVariantGroup section */

/* Begin XCBuildConfiguration section */
		772FBA8624597D3700BC5485 /* Debug */ = {
			isa = XCBuildConfiguration;
			buildSettings = {
				ALWAYS_SEARCH_USER_PATHS = NO;
				CLANG_ANALYZER_NONNULL = YES;
				CLANG_ANALYZER_NUMBER_OBJECT_CONVERSION = YES_AGGRESSIVE;
				CLANG_CXX_LANGUAGE_STANDARD = "gnu++14";
				CLANG_CXX_LIBRARY = "libc++";
				CLANG_ENABLE_MODULES = YES;
				CLANG_ENABLE_OBJC_ARC = YES;
				CLANG_ENABLE_OBJC_WEAK = YES;
				CLANG_WARN_BLOCK_CAPTURE_AUTORELEASING = YES;
				CLANG_WARN_BOOL_CONVERSION = YES;
				CLANG_WARN_COMMA = YES;
				CLANG_WARN_CONSTANT_CONVERSION = YES;
				CLANG_WARN_DEPRECATED_OBJC_IMPLEMENTATIONS = YES;
				CLANG_WARN_DIRECT_OBJC_ISA_USAGE = YES_ERROR;
				CLANG_WARN_DOCUMENTATION_COMMENTS = YES;
				CLANG_WARN_EMPTY_BODY = YES;
				CLANG_WARN_ENUM_CONVERSION = YES;
				CLANG_WARN_INFINITE_RECURSION = YES;
				CLANG_WARN_INT_CONVERSION = YES;
				CLANG_WARN_NON_LITERAL_NULL_CONVERSION = YES;
				CLANG_WARN_OBJC_IMPLICIT_RETAIN_SELF = YES;
				CLANG_WARN_OBJC_LITERAL_CONVERSION = YES;
				CLANG_WARN_OBJC_ROOT_CLASS = YES_ERROR;
				CLANG_WARN_RANGE_LOOP_ANALYSIS = YES;
				CLANG_WARN_STRICT_PROTOTYPES = YES;
				CLANG_WARN_SUSPICIOUS_MOVE = YES;
				CLANG_WARN_UNGUARDED_AVAILABILITY = YES_AGGRESSIVE;
				CLANG_WARN_UNREACHABLE_CODE = YES;
				CLANG_WARN__DUPLICATE_METHOD_MATCH = YES;
				COPY_PHASE_STRIP = NO;
				DEBUG_INFORMATION_FORMAT = dwarf;
				ENABLE_STRICT_OBJC_MSGSEND = YES;
				ENABLE_TESTABILITY = YES;
				GCC_C_LANGUAGE_STANDARD = gnu11;
				GCC_DYNAMIC_NO_PIC = NO;
				GCC_NO_COMMON_BLOCKS = YES;
				GCC_OPTIMIZATION_LEVEL = 0;
				GCC_PREPROCESSOR_DEFINITIONS = (
					"DEBUG=1",
					"$(inherited)",
				);
				GCC_WARN_64_TO_32_BIT_CONVERSION = YES;
				GCC_WARN_ABOUT_RETURN_TYPE = YES_ERROR;
				GCC_WARN_UNDECLARED_SELECTOR = YES;
				GCC_WARN_UNINITIALIZED_AUTOS = YES_AGGRESSIVE;
				GCC_WARN_UNUSED_FUNCTION = YES;
				GCC_WARN_UNUSED_VARIABLE = YES;
				IPHONEOS_DEPLOYMENT_TARGET = 13.4;
				MTL_ENABLE_DEBUG_INFO = INCLUDE_SOURCE;
				MTL_FAST_MATH = YES;
				ONLY_ACTIVE_ARCH = YES;
				SDKROOT = iphoneos;
				SWIFT_ACTIVE_COMPILATION_CONDITIONS = DEBUG;
				SWIFT_OPTIMIZATION_LEVEL = "-Onone";
			};
			name = Debug;
		};
		772FBA8724597D3700BC5485 /* Release */ = {
			isa = XCBuildConfiguration;
			buildSettings = {
				ALWAYS_SEARCH_USER_PATHS = NO;
				CLANG_ANALYZER_NONNULL = YES;
				CLANG_ANALYZER_NUMBER_OBJECT_CONVERSION = YES_AGGRESSIVE;
				CLANG_CXX_LANGUAGE_STANDARD = "gnu++14";
				CLANG_CXX_LIBRARY = "libc++";
				CLANG_ENABLE_MODULES = YES;
				CLANG_ENABLE_OBJC_ARC = YES;
				CLANG_ENABLE_OBJC_WEAK = YES;
				CLANG_WARN_BLOCK_CAPTURE_AUTORELEASING = YES;
				CLANG_WARN_BOOL_CONVERSION = YES;
				CLANG_WARN_COMMA = YES;
				CLANG_WARN_CONSTANT_CONVERSION = YES;
				CLANG_WARN_DEPRECATED_OBJC_IMPLEMENTATIONS = YES;
				CLANG_WARN_DIRECT_OBJC_ISA_USAGE = YES_ERROR;
				CLANG_WARN_DOCUMENTATION_COMMENTS = YES;
				CLANG_WARN_EMPTY_BODY = YES;
				CLANG_WARN_ENUM_CONVERSION = YES;
				CLANG_WARN_INFINITE_RECURSION = YES;
				CLANG_WARN_INT_CONVERSION = YES;
				CLANG_WARN_NON_LITERAL_NULL_CONVERSION = YES;
				CLANG_WARN_OBJC_IMPLICIT_RETAIN_SELF = YES;
				CLANG_WARN_OBJC_LITERAL_CONVERSION = YES;
				CLANG_WARN_OBJC_ROOT_CLASS = YES_ERROR;
				CLANG_WARN_RANGE_LOOP_ANALYSIS = YES;
				CLANG_WARN_STRICT_PROTOTYPES = YES;
				CLANG_WARN_SUSPICIOUS_MOVE = YES;
				CLANG_WARN_UNGUARDED_AVAILABILITY = YES_AGGRESSIVE;
				CLANG_WARN_UNREACHABLE_CODE = YES;
				CLANG_WARN__DUPLICATE_METHOD_MATCH = YES;
				COPY_PHASE_STRIP = NO;
				DEBUG_INFORMATION_FORMAT = "dwarf-with-dsym";
				ENABLE_NS_ASSERTIONS = NO;
				ENABLE_STRICT_OBJC_MSGSEND = YES;
				GCC_C_LANGUAGE_STANDARD = gnu11;
				GCC_NO_COMMON_BLOCKS = YES;
				GCC_WARN_64_TO_32_BIT_CONVERSION = YES;
				GCC_WARN_ABOUT_RETURN_TYPE = YES_ERROR;
				GCC_WARN_UNDECLARED_SELECTOR = YES;
				GCC_WARN_UNINITIALIZED_AUTOS = YES_AGGRESSIVE;
				GCC_WARN_UNUSED_FUNCTION = YES;
				GCC_WARN_UNUSED_VARIABLE = YES;
				IPHONEOS_DEPLOYMENT_TARGET = 13.4;
				MTL_ENABLE_DEBUG_INFO = NO;
				MTL_FAST_MATH = YES;
				SDKROOT = iphoneos;
				SWIFT_COMPILATION_MODE = wholemodule;
				SWIFT_OPTIMIZATION_LEVEL = "-O";
				VALIDATE_PRODUCT = YES;
			};
			name = Release;
		};
		772FBA8924597D3700BC5485 /* Debug */ = {
			isa = XCBuildConfiguration;
			baseConfigurationReference = 574CDBFCCEFFF895B4642E87 /* Pods-shop.debug.xcconfig */;
			buildSettings = {
				ASSETCATALOG_COMPILER_APPICON_NAME = AppIcon;
				CODE_SIGN_STYLE = Automatic;
				DEVELOPMENT_TEAM = 65KXLC634U;
				INFOPLIST_FILE = shop/Info.plist;
				LD_RUNPATH_SEARCH_PATHS = (
					"$(inherited)",
					"@executable_path/Frameworks",
				);
				PRODUCT_BUNDLE_IDENTIFIER = codeweb.shop;
				PRODUCT_NAME = "$(TARGET_NAME)";
				SWIFT_VERSION = 5.0;
				TARGETED_DEVICE_FAMILY = "1,2";
			};
			name = Debug;
		};
		772FBA8A24597D3700BC5485 /* Release */ = {
			isa = XCBuildConfiguration;
			baseConfigurationReference = 8E8239CB0E7A26AC3E77F1CB /* Pods-shop.release.xcconfig */;
			buildSettings = {
				ASSETCATALOG_COMPILER_APPICON_NAME = AppIcon;
				CODE_SIGN_STYLE = Automatic;
				DEVELOPMENT_TEAM = 65KXLC634U;
				INFOPLIST_FILE = shop/Info.plist;
				LD_RUNPATH_SEARCH_PATHS = (
					"$(inherited)",
					"@executable_path/Frameworks",
				);
				PRODUCT_BUNDLE_IDENTIFIER = codeweb.shop;
				PRODUCT_NAME = "$(TARGET_NAME)";
				SWIFT_VERSION = 5.0;
				TARGETED_DEVICE_FAMILY = "1,2";
			};
			name = Release;
		};
/* End XCBuildConfiguration section */

/* Begin XCConfigurationList section */
		772FBA6F24597D3300BC5485 /* Build configuration list for PBXProject "shop" */ = {
			isa = XCConfigurationList;
			buildConfigurations = (
				772FBA8624597D3700BC5485 /* Debug */,
				772FBA8724597D3700BC5485 /* Release */,
			);
			defaultConfigurationIsVisible = 0;
			defaultConfigurationName = Release;
		};
		772FBA8824597D3700BC5485 /* Build configuration list for PBXNativeTarget "shop" */ = {
			isa = XCConfigurationList;
			buildConfigurations = (
				772FBA8924597D3700BC5485 /* Debug */,
				772FBA8A24597D3700BC5485 /* Release */,
			);
			defaultConfigurationIsVisible = 0;
			defaultConfigurationName = Release;
		};
/* End XCConfigurationList section */
	};
	rootObject = 772FBA6C24597D3300BC5485 /* Project object */;
}
